<?xml version="1.0" encoding="utf-8"?>
<Project ToolsVersion="17.0" xmlns="http://schemas.microsoft.com/developer/msbuild/2003">
  <ItemGroup>
    <ClCompile Include="C:\MCP\core\core\model\model_parser.cpp">
      <Filter>Source Files</Filter>
    </ClCompile>
    <ClCompile Include="C:\MCP\core\core\model\model_validator.cpp">
      <Filter>Source Files</Filter>
    </ClCompile>
    <ClCompile Include="C:\MCP\core\core\pipeline\pipeline_parser.cpp">
      <Filter>Source Files</Filter>
    </ClCompile>
    <ClCompile Include="C:\MCP\core\core\pipeline\pipeline_validator.cpp">
      <Filter>Source Files</Filter>
    </ClCompile>
    <ClCompile Include="C:\MCP\core\core\runtime\registry.cpp">
      <Filter>Source Files</Filter>
    </ClCompile>
    <ClCompile Include="C:\MCP\core\core\runtime\scheduler.cpp">
      <Filter>Source Files</Filter>
    </ClCompile>
    <ClCompile Include="C:\MCP\core\core\runtime\engine.cpp">
      <Filter>Source Files</Filter>
    </ClCompile>
    <ClCompile Include="C:\MCP\core\core\runtime\resolve.cpp">
      <Filter>Source Files</Filter>
    </ClCompile>
    <ClCompile Include="C:\MCP\core\core\runtime\merge.cpp">
      <Filter>Source Files</Filter>
    </ClCompile>
    <ClCompile Include="C:\MCP\core\core\runtime\schema.cpp">
      <Filter>Source Files</Filter>
    </ClCompile>
    <ClCompile Include="C:\MCP\core\core\capabilities\capabilities.cpp">
      <Filter>Source Files</Filter>
    </ClCompile>
    <ClCompile Include="C:\MCP\core\core\capabilities\string\string.cpp">
      <Filter>Source Files</Filter>
    </ClCompile>
    <ClCompile Include="C:\MCP\core\core\capabilities\math\math.cpp">
      <Filter>Source Files</Filter>
    </ClCompile>
    <ClCompile Include="C:\MCP\core\core\capabilities\json\json.cpp">
      <Filter>Source Files</Filter>
    </ClCompile>
    <ClCompile Include="C:\MCP\core\core\capabilities\filesystem\filesystem.cpp">
      <Filter>Source Files</Filter>
    </ClCompile>
    <ClCompile Include="C:\MCP\core\core\capabilities\system\system.cpp">
      <Filter>Source Files</Filter>
    </ClCompile>
  </ItemGroup>
  <ItemGroup>
    <CustomBuild Include="C:\MCP\core\core\CMakeLists.txt" />
  </ItemGroup>
  <ItemGroup>
    <Filter Include="Source Files">
      <UniqueIdentifier>{462ED1DE-E21B-39B4-9EAE-13538E6918D6}</UniqueIdentifier>
    </Filter>
  </ItemGroup>
</Project>
